
Microsoft Visual Studio Solution File, Format Version 12.00
# Visual Studio Version 16
VisualStudioVersion = 16.0.29911.84
MinimumVisualStudioVersion = 10.0.40219.1
Project("{FAE04EC0-301F-11D3-BF4B-00C04F79EFBC}") = "TheGreatPizza.Api", "TheGreatPizza.Api\TheGreatPizza.Api.csproj", "{65D39D3E-34EE-45FC-88DA-293DD6ACDF58}"
EndProject
Project("{FAE04EC0-301F-11D3-BF4B-00C04F79EFBC}") = "TheGreatPizza.Core", "TheGreatPizza.Core\TheGreatPizza.Core.csproj", "{27A3F45A-0CA5-4DCD-8EDD-795BD9573D01}"
EndProject
Project("{FAE04EC0-301F-11D3-BF4B-00C04F79EFBC}") = "TheSneakersMob.Infrastructure", "TheSneakersMob.Infrastructure\TheSneakersMob.Infrastructure.csproj", "{3D239306-9F45-4507-B51F-97518E61A7C7}"
EndProject
Global
	GlobalSection(SolutionConfigurationPlatforms) = preSolution
		Debug|Any CPU = Debug|Any CPU
		Release|Any CPU = Release|Any CPU
	EndGlobalSection
	GlobalSection(ProjectConfigurationPlatforms) = postSolution
		{65D39D3E-34EE-45FC-88DA-293DD6ACDF58}.Debug|Any CPU.ActiveCfg = Debug|Any CPU
		{65D39D3E-34EE-45FC-88DA-293DD6ACDF58}.Debug|Any CPU.Build.0 = Debug|Any CPU
		{65D39D3E-34EE-45FC-88DA-293DD6ACDF58}.Release|Any CPU.ActiveCfg = Release|Any CPU
		{65D39D3E-34EE-45FC-88DA-293DD6ACDF58}.Release|Any CPU.Build.0 = Release|Any CPU
		{27A3F45A-0CA5-4DCD-8EDD-795BD9573D01}.Debug|Any CPU.ActiveCfg = Debug|Any CPU
		{27A3F45A-0CA5-4DCD-8EDD-795BD9573D01}.Debug|Any CPU.Build.0 = Debug|Any CPU
		{27A3F45A-0CA5-4DCD-8EDD-795BD9573D01}.Release|Any CPU.ActiveCfg = Release|Any CPU
		{27A3F45A-0CA5-4DCD-8EDD-795BD9573D01}.Release|Any CPU.Build.0 = Release|Any CPU
		{3D239306-9F45-4507-B51F-97518E61A7C7}.Debug|Any CPU.ActiveCfg = Debug|Any CPU
		{3D239306-9F45-4507-B51F-97518E61A7C7}.Debug|Any CPU.Build.0 = Debug|Any CPU
		{3D239306-9F45-4507-B51F-97518E61A7C7}.Release|Any CPU.ActiveCfg = Release|Any CPU
		{3D239306-9F45-4507-B51F-97518E61A7C7}.Release|Any CPU.Build.0 = Release|Any CPU
	EndGlobalSection
	GlobalSection(SolutionProperties) = preSolution
		HideSolutionNode = FALSE
	EndGlobalSection
	GlobalSection(ExtensibilityGlobals) = postSolution
		SolutionGuid = {013D36F8-5DC8-4F1A-9079-80346B067A63}
	EndGlobalSection
EndGlobal
